
Microsoft Visual Studio Solution File, Format Version 12.00
# Visual Studio Version 17
VisualStudioVersion = 17.0.32112.339
MinimumVisualStudioVersion = 10.0.40219.1
Project("{FAE04EC0-301F-11D3-BF4B-00C04F79EFBC}") = "Playwright.Linq", "Playwright.Linq\Playwright.Linq.csproj", "{FE9459C0-3ECF-49F8-AEB4-672B3B42E128}"
EndProject
Global
	GlobalSection(SolutionConfigurationPlatforms) = preSolution
		Debug|Any CPU = Debug|Any CPU
		Release|Any CPU = Release|Any CPU
	EndGlobalSection
	GlobalSection(ProjectConfigurationPlatforms) = postSolution
		{FE9459C0-3ECF-49F8-AEB4-672B3B42E128}.Debug|Any CPU.ActiveCfg = Debug|Any CPU
		{FE9459C0-3ECF-49F8-AEB4-672B3B42E128}.Debug|Any CPU.Build.0 = Debug|Any CPU
		{FE9459C0-3ECF-49F8-AEB4-672B3B42E128}.Release|Any CPU.ActiveCfg = Release|Any CPU
		{FE9459C0-3ECF-49F8-AEB4-672B3B42E128}.Release|Any CPU.Build.0 = Release|Any CPU
	EndGlobalSection
	GlobalSection(SolutionProperties) = preSolution
		HideSolutionNode = FALSE
	EndGlobalSection
	GlobalSection(ExtensibilityGlobals) = postSolution
		SolutionGuid = {1E11D9FF-BC23-49ED-9F52-97F40605047F}
	EndGlobalSection
EndGlobal
